// !$*UTF8*$!
{
	archiveVersion = 1;
	classes = {
	};
	objectVersion = 50;
	objects = {

/* Begin PBXBuildFile section */
		6DD427CF24A0B9E100952434 /* AppDelegate.m in Sources */ = {isa = PBXBuildFile; fileRef = 6DD427CE24A0B9E100952434 /* AppDelegate.m */; };
		6DD427D224A0B9E100952434 /* SceneDelegate.m in Sources */ = {isa = PBXBuildFile; fileRef = 6DD427D124A0B9E100952434 /* SceneDelegate.m */; };
		6DD427D524A0B9E100952434 /* ViewController.m in Sources */ = {isa = PBXBuildFile; fileRef = 6DD427D424A0B9E100952434 /* ViewController.m */; };
		6DD427D824A0B9E100952434 /* Main.storyboard in Resources */ = {isa = PBXBuildFile; fileRef = 6DD427D624A0B9E100952434 /* Main.storyboard */; };
		6DD427DA24A0B9E300952434 /* Assets.xcassets in Resources */ = {isa = PBXBuildFile; fileRef = 6DD427D924A0B9E300952434 /* Assets.xcassets */; };
		6DD427DD24A0B9E300952434 /* LaunchScreen.storyboard in Resources */ = {isa = PBXBuildFile; fileRef = 6DD427DB24A0B9E300952434 /* LaunchScreen.storyboard */; };
		6DD427E024A0B9E300952434 /* main.m in Sources */ = {isa = PBXBuildFile; fileRef = 6DD427DF24A0B9E300952434 /* main.m */; };
		6DD427E924A1A25000952434 /* UIView+AutoPlayObserver.m in Sources */ = {isa = PBXBuildFile; fileRef = 6DD427E824A1A25000952434 /* UIView+AutoPlayObserver.m */; };
		6DD427EC24A1A51900952434 /* AutoChangeTableViewCell.m in Sources */ = {isa = PBXBuildFile; fileRef = 6DD427EB24A1A51900952434 /* AutoChangeTableViewCell.m */; };
/* End PBXBuildFile section */

/* Begin PBXFileReference section */
		6DD427CA24A0B9E100952434 /* RunloopDemo.app */ = {isa = PBXFileReference; explicitFileType = wrapper.application; includeInIndex = 0; path = RunloopDemo.app; sourceTree = BUILT_PRODUCTS_DIR; };
		6DD427CD24A0B9E100952434 /* AppDelegate.h */ = {isa = PBXFileReference; lastKnownFileType = sourcecode.c.h; path = AppDelegate.h; sourceTree = "<group>"; };
		6DD427CE24A0B9E100952434 /* AppDelegate.m */ = {isa = PBXFileReference; lastKnownFileType = sourcecode.c.objc; path = AppDelegate.m; sourceTree = "<group>"; };
		6DD427D024A0B9E100952434 /* SceneDelegate.h */ = {isa = PBXFileReference; lastKnownFileType = sourcecode.c.h; path = SceneDelegate.h; sourceTree = "<group>"; };
		6DD427D124A0B9E100952434 /* SceneDelegate.m */ = {isa = PBXFileReference; lastKnownFileType = sourcecode.c.objc; path = SceneDelegate.m; sourceTree = "<group>"; };
		6DD427D324A0B9E100952434 /* ViewController.h */ = {isa = PBXFileReference; lastKnownFileType = sourcecode.c.h; path = ViewController.h; sourceTree = "<group>"; };
		6DD427D424A0B9E100952434 /* ViewController.m */ = {isa = PBXFileReference; lastKnownFileType = sourcecode.c.objc; path = ViewController.m; sourceTree = "<group>"; };
		6DD427D724A0B9E100952434 /* Base */ = {isa = PBXFileReference; lastKnownFileType = file.storyboard; name = Base; path = Base.lproj/Main.storyboard; sourceTree = "<group>"; };
		6DD427D924A0B9E300952434 /* Assets.xcassets */ = {isa = PBXFileReference; lastKnownFileType = folder.assetcatalog; path = Assets.xcassets; sourceTree = "<group>"; };
		6DD427DC24A0B9E300952434 /* Base */ = {isa = PBXFileReference; lastKnownFileType = file.storyboard; name = Base; path = Base.lproj/LaunchScreen.storyboard; sourceTree = "<group>"; };
		6DD427DE24A0B9E300952434 /* Info.plist */ = {isa = PBXFileReference; lastKnownFileType = text.plist.xml; path = Info.plist; sourceTree = "<group>"; };
		6DD427DF24A0B9E300952434 /* main.m */ = {isa = PBXFileReference; lastKnownFileType = sourcecode.c.objc; path = main.m; sourceTree = "<group>"; };
		6DD427E724A1A25000952434 /* UIView+AutoPlayObserver.h */ = {isa = PBXFileReference; fileEncoding = 4; lastKnownFileType = sourcecode.c.h; path = "UIView+AutoPlayObserver.h"; sourceTree = "<group>"; };
		6DD427E824A1A25000952434 /* UIView+AutoPlayObserver.m */ = {isa = PBXFileReference; fileEncoding = 4; lastKnownFileType = sourcecode.c.objc; path = "UIView+AutoPlayObserver.m"; sourceTree = "<group>"; };
		6DD427EA24A1A51900952434 /* AutoChangeTableViewCell.h */ = {isa = PBXFileReference; lastKnownFileType = sourcecode.c.h; path = AutoChangeTableViewCell.h; sourceTree = "<group>"; };
		6DD427EB24A1A51900952434 /* AutoChangeTableViewCell.m */ = {isa = PBXFileReference; lastKnownFileType = sourcecode.c.objc; path = AutoChangeTableViewCell.m; sourceTree = "<group>"; };
/* End PBXFileReference section */

/* Begin PBXFrameworksBuildPhase section */
		6DD427C724A0B9E100952434 /* Frameworks */ = {
			isa = PBXFrameworksBuildPhase;
			buildActionMask = 2147483647;
			files = (
			);
			runOnlyForDeploymentPostprocessing = 0;
		};
/* End PBXFrameworksBuildPhase section */

/* Begin PBXGroup section */
		6DD427C124A0B9E100952434 = {
			isa = PBXGroup;
			children = (
				6DD427CC24A0B9E100952434 /* RunloopDemo */,
				6DD427CB24A0B9E100952434 /* Products */,
			);
			sourceTree = "<group>";
		};
		6DD427CB24A0B9E100952434 /* Products */ = {
			isa = PBXGroup;
			children = (
				6DD427CA24A0B9E100952434 /* RunloopDemo.app */,
			);
			name = Products;
			sourceTree = "<group>";
		};
		6DD427CC24A0B9E100952434 /* RunloopDemo */ = {
			isa = PBXGroup;
			children = (
				6DD427E624A1A23700952434 /* custom */,
				6DD427CD24A0B9E100952434 /* AppDelegate.h */,
				6DD427CE24A0B9E100952434 /* AppDelegate.m */,
				6DD427D024A0B9E100952434 /* SceneDelegate.h */,
				6DD427D124A0B9E100952434 /* SceneDelegate.m */,
				6DD427D324A0B9E100952434 /* ViewController.h */,
				6DD427D424A0B9E100952434 /* ViewController.m */,
				6DD427D624A0B9E100952434 /* Main.storyboard */,
				6DD427D924A0B9E300952434 /* Assets.xcassets */,
				6DD427DB24A0B9E300952434 /* LaunchScreen.storyboard */,
				6DD427DE24A0B9E300952434 /* Info.plist */,
				6DD427DF24A0B9E300952434 /* main.m */,
			);
			path = RunloopDemo;
			sourceTree = "<group>";
		};
		6DD427E624A1A23700952434 /* custom */ = {
			isa = PBXGroup;
			children = (
				6DD427E724A1A25000952434 /* UIView+AutoPlayObserver.h */,
				6DD427E824A1A25000952434 /* UIView+AutoPlayObserver.m */,
				6DD427EA24A1A51900952434 /* AutoChangeTableViewCell.h */,
				6DD427EB24A1A51900952434 /* AutoChangeTableViewCell.m */,
			);
			path = custom;
			sourceTree = "<group>";
		};
/* End PBXGroup section */

/* Begin PBXNativeTarget section */
		6DD427C924A0B9E100952434 /* RunloopDemo */ = {
			isa = PBXNativeTarget;
			buildConfigurationList = 6DD427E324A0B9E300952434 /* Build configuration list for PBXNativeTarget "RunloopDemo" */;
			buildPhases = (
				6DD427C624A0B9E100952434 /* Sources */,
				6DD427C724A0B9E100952434 /* Frameworks */,
				6DD427C824A0B9E100952434 /* Resources */,
			);
			buildRules = (
			);
			dependencies = (
			);
			name = RunloopDemo;
			productName = RunloopDemo;
			productReference = 6DD427CA24A0B9E100952434 /* RunloopDemo.app */;
			productType = "com.apple.product-type.application";
		};
/* End PBXNativeTarget section */

/* Begin PBXProject section */
		6DD427C224A0B9E100952434 /* Project object */ = {
			isa = PBXProject;
			attributes = {
				LastUpgradeCheck = 1150;
				ORGANIZATIONNAME = Etouch;
				TargetAttributes = {
					6DD427C924A0B9E100952434 = {
						CreatedOnToolsVersion = 11.5;
					};
				};
			};
			buildConfigurationList = 6DD427C524A0B9E100952434 /* Build configuration list for PBXProject "RunloopDemo" */;
			compatibilityVersion = "Xcode 9.3";
			developmentRegion = en;
			hasScannedForEncodings = 0;
			knownRegions = (
				en,
				Base,
			);
			mainGroup = 6DD427C124A0B9E100952434;
			productRefGroup = 6DD427CB24A0B9E100952434 /* Products */;
			projectDirPath = "";
			projectRoot = "";
			targets = (
				6DD427C924A0B9E100952434 /* RunloopDemo */,
			);
		};
/* End PBXProject section */

/* Begin PBXResourcesBuildPhase section */
		6DD427C824A0B9E100952434 /* Resources */ = {
			isa = PBXResourcesBuildPhase;
			buildActionMask = 2147483647;
			files = (
				6DD427DD24A0B9E300952434 /* LaunchScreen.storyboard in Resources */,
				6DD427DA24A0B9E300952434 /* Assets.xcassets in Resources */,
				6DD427D824A0B9E100952434 /* Main.storyboard in Resources */,
			);
			runOnlyForDeploymentPostprocessing = 0;
		};
/* End PBXResourcesBuildPhase section */

/* Begin PBXSourcesBuildPhase section */
		6DD427C624A0B9E100952434 /* Sources */ = {
			isa = PBXSourcesBuildPhase;
			buildActionMask = 2147483647;
			files = (
				6DD427EC24A1A51900952434 /* AutoChangeTableViewCell.m in Sources */,
				6DD427D524A0B9E100952434 /* ViewController.m in Sources */,
				6DD427CF24A0B9E100952434 /* AppDelegate.m in Sources */,
				6DD427E024A0B9E300952434 /* main.m in Sources */,
				6DD427E924A1A25000952434 /* UIView+AutoPlayObserver.m in Sources */,
				6DD427D224A0B9E100952434 /* SceneDelegate.m in Sources */,
			);
			runOnlyForDeploymentPostprocessing = 0;
		};
/* End PBXSourcesBuildPhase section */

/* Begin PBXVariantGroup section */
		6DD427D624A0B9E100952434 /* Main.storyboard */ = {
			isa = PBXVariantGroup;
			children = (
				6DD427D724A0B9E100952434 /* Base */,
			);
			name = Main.storyboard;
			sourceTree = "<group>";
		};
		6DD427DB24A0B9E300952434 /* LaunchScreen.storyboard */ = {
			isa = PBXVariantGroup;
			children = (
				6DD427DC24A0B9E300952434 /* Base */,
			);
			name = LaunchScreen.storyboard;
			sourceTree = "<group>";
		};
/* End PBXVariantGroup section */

/* Begin XCBuildConfiguration section */
		6DD427E124A0B9E300952434 /* Debug */ = {
			isa = XCBuildConfiguration;
			buildSettings = {
				ALWAYS_SEARCH_USER_PATHS = NO;
				CLANG_ANALYZER_NONNULL = YES;
				CLANG_ANALYZER_NUMBER_OBJECT_CONVERSION = YES_AGGRESSIVE;
				CLANG_CXX_LANGUAGE_STANDARD = "gnu++14";
				CLANG_CXX_LIBRARY = "libc++";
				CLANG_ENABLE_MODULES = YES;
				CLANG_ENABLE_OBJC_ARC = YES;
				CLANG_ENABLE_OBJC_WEAK = YES;
				CLANG_WARN_BLOCK_CAPTURE_AUTORELEASING = YES;
				CLANG_WARN_BOOL_CONVERSION = YES;
				CLANG_WARN_COMMA = YES;
				CLANG_WARN_CONSTANT_CONVERSION = YES;
				CLANG_WARN_DEPRECATED_OBJC_IMPLEMENTATIONS = YES;
				CLANG_WARN_DIRECT_OBJC_ISA_USAGE = YES_ERROR;
				CLANG_WARN_DOCUMENTATION_COMMENTS = YES;
				CLANG_WARN_EMPTY_BODY = YES;
				CLANG_WARN_ENUM_CONVERSION = YES;
				CLANG_WARN_INFINITE_RECURSION = YES;
				CLANG_WARN_INT_CONVERSION = YES;
				CLANG_WARN_NON_LITERAL_NULL_CONVERSION = YES;
				CLANG_WARN_OBJC_IMPLICIT_RETAIN_SELF = YES;
				CLANG_WARN_OBJC_LITERAL_CONVERSION = YES;
				CLANG_WARN_OBJC_ROOT_CLASS = YES_ERROR;
				CLANG_WARN_RANGE_LOOP_ANALYSIS = YES;
				CLANG_WARN_STRICT_PROTOTYPES = YES;
				CLANG_WARN_SUSPICIOUS_MOVE = YES;
				CLANG_WARN_UNGUARDED_AVAILABILITY = YES_AGGRESSIVE;
				CLANG_WARN_UNREACHABLE_CODE = YES;
				CLANG_WARN__DUPLICATE_METHOD_MATCH = YES;
				COPY_PHASE_STRIP = NO;
				DEBUG_INFORMATION_FORMAT = dwarf;
				ENABLE_STRICT_OBJC_MSGSEND = YES;
				ENABLE_TESTABILITY = YES;
				GCC_C_LANGUAGE_STANDARD = gnu11;
				GCC_DYNAMIC_NO_PIC = NO;
				GCC_NO_COMMON_BLOCKS = YES;
				GCC_OPTIMIZATION_LEVEL = 0;
				GCC_PREPROCESSOR_DEFINITIONS = (
					"DEBUG=1",
					"$(inherited)",
				);
				GCC_WARN_64_TO_32_BIT_CONVERSION = YES;
				GCC_WARN_ABOUT_RETURN_TYPE = YES_ERROR;
				GCC_WARN_UNDECLARED_SELECTOR = YES;
				GCC_WARN_UNINITIALIZED_AUTOS = YES_AGGRESSIVE;
				GCC_WARN_UNUSED_FUNCTION = YES;
				GCC_WARN_UNUSED_VARIABLE = YES;
				IPHONEOS_DEPLOYMENT_TARGET = 13.5;
				MTL_ENABLE_DEBUG_INFO = INCLUDE_SOURCE;
				MTL_FAST_MATH = YES;
				ONLY_ACTIVE_ARCH = YES;
				SDKROOT = iphoneos;
			};
			name = Debug;
		};
		6DD427E224A0B9E300952434 /* Release */ = {
			isa = XCBuildConfiguration;
			buildSettings = {
				ALWAYS_SEARCH_USER_PATHS = NO;
				CLANG_ANALYZER_NONNULL = YES;
				CLANG_ANALYZER_NUMBER_OBJECT_CONVERSION = YES_AGGRESSIVE;
				CLANG_CXX_LANGUAGE_STANDARD = "gnu++14";
				CLANG_CXX_LIBRARY = "libc++";
				CLANG_ENABLE_MODULES = YES;
				CLANG_ENABLE_OBJC_ARC = YES;
				CLANG_ENABLE_OBJC_WEAK = YES;
				CLANG_WARN_BLOCK_CAPTURE_AUTORELEASING = YES;
				CLANG_WARN_BOOL_CONVERSION = YES;
				CLANG_WARN_COMMA = YES;
				CLANG_WARN_CONSTANT_CONVERSION = YES;
				CLANG_WARN_DEPRECATED_OBJC_IMPLEMENTATIONS = YES;
				CLANG_WARN_DIRECT_OBJC_ISA_USAGE = YES_ERROR;
				CLANG_WARN_DOCUMENTATION_COMMENTS = YES;
				CLANG_WARN_EMPTY_BODY = YES;
				CLANG_WARN_ENUM_CONVERSION = YES;
				CLANG_WARN_INFINITE_RECURSION = YES;
				CLANG_WARN_INT_CONVERSION = YES;
				CLANG_WARN_NON_LITERAL_NULL_CONVERSION = YES;
				CLANG_WARN_OBJC_IMPLICIT_RETAIN_SELF = YES;
				CLANG_WARN_OBJC_LITERAL_CONVERSION = YES;
				CLANG_WARN_OBJC_ROOT_CLASS = YES_ERROR;
				CLANG_WARN_RANGE_LOOP_ANALYSIS = YES;
				CLANG_WARN_STRICT_PROTOTYPES = YES;
				CLANG_WARN_SUSPICIOUS_MOVE = YES;
				CLANG_WARN_UNGUARDED_AVAILABILITY = YES_AGGRESSIVE;
				CLANG_WARN_UNREACHABLE_CODE = YES;
				CLANG_WARN__DUPLICATE_METHOD_MATCH = YES;
				COPY_PHASE_STRIP = NO;
				DEBUG_INFORMATION_FORMAT = "dwarf-with-dsym";
				ENABLE_NS_ASSERTIONS = NO;
				ENABLE_STRICT_OBJC_MSGSEND = YES;
				GCC_C_LANGUAGE_STANDARD = gnu11;
				GCC_NO_COMMON_BLOCKS = YES;
				GCC_WARN_64_TO_32_BIT_CONVERSION = YES;
				GCC_WARN_ABOUT_RETURN_TYPE = YES_ERROR;
				GCC_WARN_UNDECLARED_SELECTOR = YES;
				GCC_WARN_UNINITIALIZED_AUTOS = YES_AGGRESSIVE;
				GCC_WARN_UNUSED_FUNCTION = YES;
				GCC_WARN_UNUSED_VARIABLE = YES;
				IPHONEOS_DEPLOYMENT_TARGET = 13.5;
				MTL_ENABLE_DEBUG_INFO = NO;
				MTL_FAST_MATH = YES;
				SDKROOT = iphoneos;
				VALIDATE_PRODUCT = YES;
			};
			name = Release;
		};
		6DD427E424A0B9E300952434 /* Debug */ = {
			isa = XCBuildConfiguration;
			buildSettings = {
				ASSETCATALOG_COMPILER_APPICON_NAME = AppIcon;
				CODE_SIGN_STYLE = Automatic;
				INFOPLIST_FILE = RunloopDemo/Info.plist;
				IPHONEOS_DEPLOYMENT_TARGET = 9.0;
				LD_RUNPATH_SEARCH_PATHS = (
					"$(inherited)",
					"@executable_path/Frameworks",
				);
				PRODUCT_BUNDLE_IDENTIFIER = com.etouch.RunloopDemo;
				PRODUCT_NAME = "$(TARGET_NAME)";
				TARGETED_DEVICE_FAMILY = "1,2";
			};
			name = Debug;
		};
		6DD427E524A0B9E300952434 /* Release */ = {
			isa = XCBuildConfiguration;
			buildSettings = {
				ASSETCATALOG_COMPILER_APPICON_NAME = AppIcon;
				CODE_SIGN_STYLE = Automatic;
				INFOPLIST_FILE = RunloopDemo/Info.plist;
				IPHONEOS_DEPLOYMENT_TARGET = 9.0;
				LD_RUNPATH_SEARCH_PATHS = (
					"$(inherited)",
					"@executable_path/Frameworks",
				);
				PRODUCT_BUNDLE_IDENTIFIER = com.etouch.RunloopDemo;
				PRODUCT_NAME = "$(TARGET_NAME)";
				TARGETED_DEVICE_FAMILY = "1,2";
			};
			name = Release;
		};
/* End XCBuildConfiguration section */

/* Begin XCConfigurationList section */
		6DD427C524A0B9E100952434 /* Build configuration list for PBXProject "RunloopDemo" */ = {
			isa = XCConfigurationList;
			buildConfigurations = (
				6DD427E124A0B9E300952434 /* Debug */,
				6DD427E224A0B9E300952434 /* Release */,
			);
			defaultConfigurationIsVisible = 0;
			defaultConfigurationName = Release;
		};
		6DD427E324A0B9E300952434 /* Build configuration list for PBXNativeTarget "RunloopDemo" */ = {
			isa = XCConfigurationList;
			buildConfigurations = (
				6DD427E424A0B9E300952434 /* Debug */,
				6DD427E524A0B9E300952434 /* Release */,
			);
			defaultConfigurationIsVisible = 0;
			defaultConfigurationName = Release;
		};
/* End XCConfigurationList section */
	};
	rootObject = 6DD427C224A0B9E100952434 /* Project object */;
}
